
Microsoft Visual Studio Solution File, Format Version 12.00
# Visual Studio Version 17
VisualStudioVersion = 17.13.35818.85 d17.13
MinimumVisualStudioVersion = 10.0.40219.1
Project("{8BC9CEB8-8B4A-11D0-8D11-00A0C91BC942}") = "practice01", "practices\practice01\practice01.vcxproj", "{F303CAEB-472B-4495-A785-4C6CE300C6F9}"
EndProject
Project("{8BC9CEB8-8B4A-11D0-8D11-00A0C91BC942}") = "practice02", "practices\practice02\practice02.vcxproj", "{7F81F602-E835-4BF7-9503-51C18BAC9CF2}"
EndProject
Project("{8BC9CEB8-8B4A-11D0-8D11-00A0C91BC942}") = "project01", "projects\project01\project01.vcxproj", "{D6A940B9-1F24-400D-A089-65DEDEE8C095}"
EndProject
Project("{2150E333-8FDC-42A3-9474-1A3956D46DE8}") = "practices", "practices", "{02EA681E-C7D8-13C7-8484-4AC65E1B71E8}"
EndProject
Project("{2150E333-8FDC-42A3-9474-1A3956D46DE8}") = "projects", "projects", "{C1659966-85AE-494A-BCC2-C8D870F4BCE6}"
EndProject
Project("{2150E333-8FDC-42A3-9474-1A3956D46DE8}") = "class_notes", "class_notes", "{7A075D68-EBBA-4AF9-A4E3-AA59B84BA7AF}"
EndProject
Project("{8BC9CEB8-8B4A-11D0-8D11-00A0C91BC942}") = "05-feb-2025", "class_notes\05-feb-2025\05-feb-2025.vcxproj", "{E2C481CA-ECEB-42B2-B979-C28279CC9A04}"
EndProject
Global
	GlobalSection(SolutionConfigurationPlatforms) = preSolution
		Debug|x64 = Debug|x64
		Debug|x86 = Debug|x86
		Release|x64 = Release|x64
		Release|x86 = Release|x86
	EndGlobalSection
	GlobalSection(ProjectConfigurationPlatforms) = postSolution
		{F303CAEB-472B-4495-A785-4C6CE300C6F9}.Debug|x64.ActiveCfg = Debug|x64
		{F303CAEB-472B-4495-A785-4C6CE300C6F9}.Debug|x64.Build.0 = Debug|x64
		{F303CAEB-472B-4495-A785-4C6CE300C6F9}.Debug|x86.ActiveCfg = Debug|Win32
		{F303CAEB-472B-4495-A785-4C6CE300C6F9}.Debug|x86.Build.0 = Debug|Win32
		{F303CAEB-472B-4495-A785-4C6CE300C6F9}.Release|x64.ActiveCfg = Release|x64
		{F303CAEB-472B-4495-A785-4C6CE300C6F9}.Release|x64.Build.0 = Release|x64
		{F303CAEB-472B-4495-A785-4C6CE300C6F9}.Release|x86.ActiveCfg = Release|Win32
		{F303CAEB-472B-4495-A785-4C6CE300C6F9}.Release|x86.Build.0 = Release|Win32
		{7F81F602-E835-4BF7-9503-51C18BAC9CF2}.Debug|x64.ActiveCfg = Debug|x64
		{7F81F602-E835-4BF7-9503-51C18BAC9CF2}.Debug|x64.Build.0 = Debug|x64
		{7F81F602-E835-4BF7-9503-51C18BAC9CF2}.Debug|x86.ActiveCfg = Debug|Win32
		{7F81F602-E835-4BF7-9503-51C18BAC9CF2}.Debug|x86.Build.0 = Debug|Win32
		{7F81F602-E835-4BF7-9503-51C18BAC9CF2}.Release|x64.ActiveCfg = Release|x64
		{7F81F602-E835-4BF7-9503-51C18BAC9CF2}.Release|x64.Build.0 = Release|x64
		{7F81F602-E835-4BF7-9503-51C18BAC9CF2}.Release|x86.ActiveCfg = Release|Win32
		{7F81F602-E835-4BF7-9503-51C18BAC9CF2}.Release|x86.Build.0 = Release|Win32
		{D6A940B9-1F24-400D-A089-65DEDEE8C095}.Debug|x64.ActiveCfg = Debug|x64
		{D6A940B9-1F24-400D-A089-65DEDEE8C095}.Debug|x64.Build.0 = Debug|x64
		{D6A940B9-1F24-400D-A089-65DEDEE8C095}.Debug|x86.ActiveCfg = Debug|Win32
		{D6A940B9-1F24-400D-A089-65DEDEE8C095}.Debug|x86.Build.0 = Debug|Win32
		{D6A940B9-1F24-400D-A089-65DEDEE8C095}.Release|x64.ActiveCfg = Release|x64
		{D6A940B9-1F24-400D-A089-65DEDEE8C095}.Release|x64.Build.0 = Release|x64
		{D6A940B9-1F24-400D-A089-65DEDEE8C095}.Release|x86.ActiveCfg = Release|Win32
		{D6A940B9-1F24-400D-A089-65DEDEE8C095}.Release|x86.Build.0 = Release|Win32
		{E2C481CA-ECEB-42B2-B979-C28279CC9A04}.Debug|x64.ActiveCfg = Debug|x64
		{E2C481CA-ECEB-42B2-B979-C28279CC9A04}.Debug|x64.Build.0 = Debug|x64
		{E2C481CA-ECEB-42B2-B979-C28279CC9A04}.Debug|x86.ActiveCfg = Debug|Win32
		{E2C481CA-ECEB-42B2-B979-C28279CC9A04}.Debug|x86.Build.0 = Debug|Win32
		{E2C481CA-ECEB-42B2-B979-C28279CC9A04}.Release|x64.ActiveCfg = Release|x64
		{E2C481CA-ECEB-42B2-B979-C28279CC9A04}.Release|x64.Build.0 = Release|x64
		{E2C481CA-ECEB-42B2-B979-C28279CC9A04}.Release|x86.ActiveCfg = Release|Win32
		{E2C481CA-ECEB-42B2-B979-C28279CC9A04}.Release|x86.Build.0 = Release|Win32
	EndGlobalSection
	GlobalSection(SolutionProperties) = preSolution
		HideSolutionNode = FALSE
	EndGlobalSection
	GlobalSection(NestedProjects) = preSolution
		{F303CAEB-472B-4495-A785-4C6CE300C6F9} = {02EA681E-C7D8-13C7-8484-4AC65E1B71E8}
		{7F81F602-E835-4BF7-9503-51C18BAC9CF2} = {02EA681E-C7D8-13C7-8484-4AC65E1B71E8}
		{D6A940B9-1F24-400D-A089-65DEDEE8C095} = {C1659966-85AE-494A-BCC2-C8D870F4BCE6}
		{E2C481CA-ECEB-42B2-B979-C28279CC9A04} = {7A075D68-EBBA-4AF9-A4E3-AA59B84BA7AF}
	EndGlobalSection
	GlobalSection(ExtensibilityGlobals) = postSolution
		SolutionGuid = {42810A91-FC8D-4A4B-915D-C8F04472FDA2}
	EndGlobalSection
EndGlobal
